// !$*UTF8*$!
{
	archiveVersion = 1;
	classes = {
	};
	objectVersion = 50;
	objects = {

/* Begin PBXBuildFile section */
		D2FCB1A3233A387C00659F98 /* AppDelegate.swift in Sources */ = {isa = PBXBuildFile; fileRef = D2FCB1A2233A387C00659F98 /* AppDelegate.swift */; };
		D2FCB1A5233A387C00659F98 /* SceneDelegate.swift in Sources */ = {isa = PBXBuildFile; fileRef = D2FCB1A4233A387C00659F98 /* SceneDelegate.swift */; };
		D2FCB1A7233A387C00659F98 /* ViewController.swift in Sources */ = {isa = PBXBuildFile; fileRef = D2FCB1A6233A387C00659F98 /* ViewController.swift */; };
		D2FCB1AC233A387F00659F98 /* Assets.xcassets in Resources */ = {isa = PBXBuildFile; fileRef = D2FCB1AB233A387F00659F98 /* Assets.xcassets */; };
		D2FCB1AF233A387F00659F98 /* LaunchScreen.storyboard in Resources */ = {isa = PBXBuildFile; fileRef = D2FCB1AD233A387F00659F98 /* LaunchScreen.storyboard */; };
		D2FCB1BA233A388000659F98 /* NumbersTests.swift in Sources */ = {isa = PBXBuildFile; fileRef = D2FCB1B9233A388000659F98 /* NumbersTests.swift */; };
		D2FCB1C5233A388000659F98 /* NumbersUITests.swift in Sources */ = {isa = PBXBuildFile; fileRef = D2FCB1C4233A388000659F98 /* NumbersUITests.swift */; };
		D2FCB1D3233A38D200659F98 /* Main.storyboard in Resources */ = {isa = PBXBuildFile; fileRef = D2FCB1D2233A38D200659F98 /* Main.storyboard */; };
/* End PBXBuildFile section */

/* Begin PBXContainerItemProxy section */
		D2FCB1B6233A388000659F98 /* PBXContainerItemProxy */ = {
			isa = PBXContainerItemProxy;
			containerPortal = D2FCB197233A387C00659F98 /* Project object */;
			proxyType = 1;
			remoteGlobalIDString = D2FCB19E233A387C00659F98;
			remoteInfo = Numbers;
		};
		D2FCB1C1233A388000659F98 /* PBXContainerItemProxy */ = {
			isa = PBXContainerItemProxy;
			containerPortal = D2FCB197233A387C00659F98 /* Project object */;
			proxyType = 1;
			remoteGlobalIDString = D2FCB19E233A387C00659F98;
			remoteInfo = Numbers;
		};
/* End PBXContainerItemProxy section */

/* Begin PBXFileReference section */
		D2FCB19F233A387C00659F98 /* Numbers.app */ = {isa = PBXFileReference; explicitFileType = wrapper.application; includeInIndex = 0; path = Numbers.app; sourceTree = BUILT_PRODUCTS_DIR; };
		D2FCB1A2233A387C00659F98 /* AppDelegate.swift */ = {isa = PBXFileReference; lastKnownFileType = sourcecode.swift; path = AppDelegate.swift; sourceTree = "<group>"; };
		D2FCB1A4233A387C00659F98 /* SceneDelegate.swift */ = {isa = PBXFileReference; lastKnownFileType = sourcecode.swift; path = SceneDelegate.swift; sourceTree = "<group>"; };
		D2FCB1A6233A387C00659F98 /* ViewController.swift */ = {isa = PBXFileReference; lastKnownFileType = sourcecode.swift; path = ViewController.swift; sourceTree = "<group>"; };
		D2FCB1AB233A387F00659F98 /* Assets.xcassets */ = {isa = PBXFileReference; lastKnownFileType = folder.assetcatalog; path = Assets.xcassets; sourceTree = "<group>"; };
		D2FCB1AE233A387F00659F98 /* Base */ = {isa = PBXFileReference; lastKnownFileType = file.storyboard; name = Base; path = Base.lproj/LaunchScreen.storyboard; sourceTree = "<group>"; };
		D2FCB1B0233A387F00659F98 /* Info.plist */ = {isa = PBXFileReference; lastKnownFileType = text.plist.xml; path = Info.plist; sourceTree = "<group>"; };
		D2FCB1B5233A388000659F98 /* NumbersTests.xctest */ = {isa = PBXFileReference; explicitFileType = wrapper.cfbundle; includeInIndex = 0; path = NumbersTests.xctest; sourceTree = BUILT_PRODUCTS_DIR; };
		D2FCB1B9233A388000659F98 /* NumbersTests.swift */ = {isa = PBXFileReference; lastKnownFileType = sourcecode.swift; path = NumbersTests.swift; sourceTree = "<group>"; };
		D2FCB1BB233A388000659F98 /* Info.plist */ = {isa = PBXFileReference; lastKnownFileType = text.plist.xml; path = Info.plist; sourceTree = "<group>"; };
		D2FCB1C0233A388000659F98 /* NumbersUITests.xctest */ = {isa = PBXFileReference; explicitFileType = wrapper.cfbundle; includeInIndex = 0; path = NumbersUITests.xctest; sourceTree = BUILT_PRODUCTS_DIR; };
		D2FCB1C4233A388000659F98 /* NumbersUITests.swift */ = {isa = PBXFileReference; lastKnownFileType = sourcecode.swift; path = NumbersUITests.swift; sourceTree = "<group>"; };
		D2FCB1C6233A388000659F98 /* Info.plist */ = {isa = PBXFileReference; lastKnownFileType = text.plist.xml; path = Info.plist; sourceTree = "<group>"; };
		D2FCB1D2233A38D200659F98 /* Main.storyboard */ = {isa = PBXFileReference; fileEncoding = 4; lastKnownFileType = file.storyboard; path = Main.storyboard; sourceTree = "<group>"; };
/* End PBXFileReference section */

/* Begin PBXFrameworksBuildPhase section */
		D2FCB19C233A387C00659F98 /* Frameworks */ = {
			isa = PBXFrameworksBuildPhase;
			buildActionMask = 2147483647;
			files = (
			);
			runOnlyForDeploymentPostprocessing = 0;
		};
		D2FCB1B2233A388000659F98 /* Frameworks */ = {
			isa = PBXFrameworksBuildPhase;
			buildActionMask = 2147483647;
			files = (
			);
			runOnlyForDeploymentPostprocessing = 0;
		};
		D2FCB1BD233A388000659F98 /* Frameworks */ = {
			isa = PBXFrameworksBuildPhase;
			buildActionMask = 2147483647;
			files = (
			);
			runOnlyForDeploymentPostprocessing = 0;
		};
/* End PBXFrameworksBuildPhase section */

/* Begin PBXGroup section */
		D2FCB196233A387C00659F98 = {
			isa = PBXGroup;
			children = (
				D2FCB1A1233A387C00659F98 /* Numbers */,
				D2FCB1B8233A388000659F98 /* NumbersTests */,
				D2FCB1C3233A388000659F98 /* NumbersUITests */,
				D2FCB1A0233A387C00659F98 /* Products */,
			);
			sourceTree = "<group>";
		};
		D2FCB1A0233A387C00659F98 /* Products */ = {
			isa = PBXGroup;
			children = (
				D2FCB19F233A387C00659F98 /* Numbers.app */,
				D2FCB1B5233A388000659F98 /* NumbersTests.xctest */,
				D2FCB1C0233A388000659F98 /* NumbersUITests.xctest */,
			);
			name = Products;
			sourceTree = "<group>";
		};
		D2FCB1A1233A387C00659F98 /* Numbers */ = {
			isa = PBXGroup;
			children = (
				D2FCB1A2233A387C00659F98 /* AppDelegate.swift */,
				D2FCB1A4233A387C00659F98 /* SceneDelegate.swift */,
				D2FCB1A6233A387C00659F98 /* ViewController.swift */,
				D2FCB1D2233A38D200659F98 /* Main.storyboard */,
				D2FCB1AB233A387F00659F98 /* Assets.xcassets */,
				D2FCB1AD233A387F00659F98 /* LaunchScreen.storyboard */,
				D2FCB1B0233A387F00659F98 /* Info.plist */,
			);
			path = Numbers;
			sourceTree = "<group>";
		};
		D2FCB1B8233A388000659F98 /* NumbersTests */ = {
			isa = PBXGroup;
			children = (
				D2FCB1B9233A388000659F98 /* NumbersTests.swift */,
				D2FCB1BB233A388000659F98 /* Info.plist */,
			);
			path = NumbersTests;
			sourceTree = "<group>";
		};
		D2FCB1C3233A388000659F98 /* NumbersUITests */ = {
			isa = PBXGroup;
			children = (
				D2FCB1C4233A388000659F98 /* NumbersUITests.swift */,
				D2FCB1C6233A388000659F98 /* Info.plist */,
			);
			path = NumbersUITests;
			sourceTree = "<group>";
		};
/* End PBXGroup section */

/* Begin PBXNativeTarget section */
		D2FCB19E233A387C00659F98 /* Numbers */ = {
			isa = PBXNativeTarget;
			buildConfigurationList = D2FCB1C9233A388000659F98 /* Build configuration list for PBXNativeTarget "Numbers" */;
			buildPhases = (
				D2FCB19B233A387C00659F98 /* Sources */,
				D2FCB19C233A387C00659F98 /* Frameworks */,
				D2FCB19D233A387C00659F98 /* Resources */,
			);
			buildRules = (
			);
			dependencies = (
			);
			name = Numbers;
			productName = Numbers;
			productReference = D2FCB19F233A387C00659F98 /* Numbers.app */;
			productType = "com.apple.product-type.application";
		};
		D2FCB1B4233A388000659F98 /* NumbersTests */ = {
			isa = PBXNativeTarget;
			buildConfigurationList = D2FCB1CC233A388000659F98 /* Build configuration list for PBXNativeTarget "NumbersTests" */;
			buildPhases = (
				D2FCB1B1233A388000659F98 /* Sources */,
				D2FCB1B2233A388000659F98 /* Frameworks */,
				D2FCB1B3233A388000659F98 /* Resources */,
			);
			buildRules = (
			);
			dependencies = (
				D2FCB1B7233A388000659F98 /* PBXTargetDependency */,
			);
			name = NumbersTests;
			productName = NumbersTests;
			productReference = D2FCB1B5233A388000659F98 /* NumbersTests.xctest */;
			productType = "com.apple.product-type.bundle.unit-test";
		};
		D2FCB1BF233A388000659F98 /* NumbersUITests */ = {
			isa = PBXNativeTarget;
			buildConfigurationList = D2FCB1CF233A388000659F98 /* Build configuration list for PBXNativeTarget "NumbersUITests" */;
			buildPhases = (
				D2FCB1BC233A388000659F98 /* Sources */,
				D2FCB1BD233A388000659F98 /* Frameworks */,
				D2FCB1BE233A388000659F98 /* Resources */,
			);
			buildRules = (
			);
			dependencies = (
				D2FCB1C2233A388000659F98 /* PBXTargetDependency */,
			);
			name = NumbersUITests;
			productName = NumbersUITests;
			productReference = D2FCB1C0233A388000659F98 /* NumbersUITests.xctest */;
			productType = "com.apple.product-type.bundle.ui-testing";
		};
/* End PBXNativeTarget section */

/* Begin PBXProject section */
		D2FCB197233A387C00659F98 /* Project object */ = {
			isa = PBXProject;
			attributes = {
				LastSwiftUpdateCheck = 1100;
				LastUpgradeCheck = 1100;
				ORGANIZATIONNAME = "Akhil Reddy";
				TargetAttributes = {
					D2FCB19E233A387C00659F98 = {
						CreatedOnToolsVersion = 11.0;
					};
					D2FCB1B4233A388000659F98 = {
						CreatedOnToolsVersion = 11.0;
						TestTargetID = D2FCB19E233A387C00659F98;
					};
					D2FCB1BF233A388000659F98 = {
						CreatedOnToolsVersion = 11.0;
						TestTargetID = D2FCB19E233A387C00659F98;
					};
				};
			};
			buildConfigurationList = D2FCB19A233A387C00659F98 /* Build configuration list for PBXProject "Numbers" */;
			compatibilityVersion = "Xcode 9.3";
			developmentRegion = en;
			hasScannedForEncodings = 0;
			knownRegions = (
				en,
				Base,
			);
			mainGroup = D2FCB196233A387C00659F98;
			productRefGroup = D2FCB1A0233A387C00659F98 /* Products */;
			projectDirPath = "";
			projectRoot = "";
			targets = (
				D2FCB19E233A387C00659F98 /* Numbers */,
				D2FCB1B4233A388000659F98 /* NumbersTests */,
				D2FCB1BF233A388000659F98 /* NumbersUITests */,
			);
		};
/* End PBXProject section */

/* Begin PBXResourcesBuildPhase section */
		D2FCB19D233A387C00659F98 /* Resources */ = {
			isa = PBXResourcesBuildPhase;
			buildActionMask = 2147483647;
			files = (
				D2FCB1D3233A38D200659F98 /* Main.storyboard in Resources */,
				D2FCB1AF233A387F00659F98 /* LaunchScreen.storyboard in Resources */,
				D2FCB1AC233A387F00659F98 /* Assets.xcassets in Resources */,
			);
			runOnlyForDeploymentPostprocessing = 0;
		};
		D2FCB1B3233A388000659F98 /* Resources */ = {
			isa = PBXResourcesBuildPhase;
			buildActionMask = 2147483647;
			files = (
			);
			runOnlyForDeploymentPostprocessing = 0;
		};
		D2FCB1BE233A388000659F98 /* Resources */ = {
			isa = PBXResourcesBuildPhase;
			buildActionMask = 2147483647;
			files = (
			);
			runOnlyForDeploymentPostprocessing = 0;
		};
/* End PBXResourcesBuildPhase section */

/* Begin PBXSourcesBuildPhase section */
		D2FCB19B233A387C00659F98 /* Sources */ = {
			isa = PBXSourcesBuildPhase;
			buildActionMask = 2147483647;
			files = (
				D2FCB1A7233A387C00659F98 /* ViewController.swift in Sources */,
				D2FCB1A3233A387C00659F98 /* AppDelegate.swift in Sources */,
				D2FCB1A5233A387C00659F98 /* SceneDelegate.swift in Sources */,
			);
			runOnlyForDeploymentPostprocessing = 0;
		};
		D2FCB1B1233A388000659F98 /* Sources */ = {
			isa = PBXSourcesBuildPhase;
			buildActionMask = 2147483647;
			files = (
				D2FCB1BA233A388000659F98 /* NumbersTests.swift in Sources */,
			);
			runOnlyForDeploymentPostprocessing = 0;
		};
		D2FCB1BC233A388000659F98 /* Sources */ = {
			isa = PBXSourcesBuildPhase;
			buildActionMask = 2147483647;
			files = (
				D2FCB1C5233A388000659F98 /* NumbersUITests.swift in Sources */,
			);
			runOnlyForDeploymentPostprocessing = 0;
		};
/* End PBXSourcesBuildPhase section */

/* Begin PBXTargetDependency section */
		D2FCB1B7233A388000659F98 /* PBXTargetDependency */ = {
			isa = PBXTargetDependency;
			target = D2FCB19E233A387C00659F98 /* Numbers */;
			targetProxy = D2FCB1B6233A388000659F98 /* PBXContainerItemProxy */;
		};
		D2FCB1C2233A388000659F98 /* PBXTargetDependency */ = {
			isa = PBXTargetDependency;
			target = D2FCB19E233A387C00659F98 /* Numbers */;
			targetProxy = D2FCB1C1233A388000659F98 /* PBXContainerItemProxy */;
		};
/* End PBXTargetDependency section */

/* Begin PBXVariantGroup section */
		D2FCB1AD233A387F00659F98 /* LaunchScreen.storyboard */ = {
			isa = PBXVariantGroup;
			children = (
				D2FCB1AE233A387F00659F98 /* Base */,
			);
			name = LaunchScreen.storyboard;
			sourceTree = "<group>";
		};
/* End PBXVariantGroup section */

/* Begin XCBuildConfiguration section */
		D2FCB1C7233A388000659F98 /* Debug */ = {
			isa = XCBuildConfiguration;
			buildSettings = {
				ALWAYS_SEARCH_USER_PATHS = NO;
				CLANG_ANALYZER_NONNULL = YES;
				CLANG_ANALYZER_NUMBER_OBJECT_CONVERSION = YES_AGGRESSIVE;
				CLANG_CXX_LANGUAGE_STANDARD = "gnu++14";
				CLANG_CXX_LIBRARY = "libc++";
				CLANG_ENABLE_MODULES = YES;
				CLANG_ENABLE_OBJC_ARC = YES;
				CLANG_ENABLE_OBJC_WEAK = YES;
				CLANG_WARN_BLOCK_CAPTURE_AUTORELEASING = YES;
				CLANG_WARN_BOOL_CONVERSION = YES;
				CLANG_WARN_COMMA = YES;
				CLANG_WARN_CONSTANT_CONVERSION = YES;
				CLANG_WARN_DEPRECATED_OBJC_IMPLEMENTATIONS = YES;
				CLANG_WARN_DIRECT_OBJC_ISA_USAGE = YES_ERROR;
				CLANG_WARN_DOCUMENTATION_COMMENTS = YES;
				CLANG_WARN_EMPTY_BODY = YES;
				CLANG_WARN_ENUM_CONVERSION = YES;
				CLANG_WARN_INFINITE_RECURSION = YES;
				CLANG_WARN_INT_CONVERSION = YES;
				CLANG_WARN_NON_LITERAL_NULL_CONVERSION = YES;
				CLANG_WARN_OBJC_IMPLICIT_RETAIN_SELF = YES;
				CLANG_WARN_OBJC_LITERAL_CONVERSION = YES;
				CLANG_WARN_OBJC_ROOT_CLASS = YES_ERROR;
				CLANG_WARN_RANGE_LOOP_ANALYSIS = YES;
				CLANG_WARN_STRICT_PROTOTYPES = YES;
				CLANG_WARN_SUSPICIOUS_MOVE = YES;
				CLANG_WARN_UNGUARDED_AVAILABILITY = YES_AGGRESSIVE;
				CLANG_WARN_UNREACHABLE_CODE = YES;
				CLANG_WARN__DUPLICATE_METHOD_MATCH = YES;
				COPY_PHASE_STRIP = NO;
				DEBUG_INFORMATION_FORMAT = dwarf;
				ENABLE_STRICT_OBJC_MSGSEND = YES;
				ENABLE_TESTABILITY = YES;
				GCC_C_LANGUAGE_STANDARD = gnu11;
				GCC_DYNAMIC_NO_PIC = NO;
				GCC_NO_COMMON_BLOCKS = YES;
				GCC_OPTIMIZATION_LEVEL = 0;
				GCC_PREPROCESSOR_DEFINITIONS = (
					"DEBUG=1",
					"$(inherited)",
				);
				GCC_WARN_64_TO_32_BIT_CONVERSION = YES;
				GCC_WARN_ABOUT_RETURN_TYPE = YES_ERROR;
				GCC_WARN_UNDECLARED_SELECTOR = YES;
				GCC_WARN_UNINITIALIZED_AUTOS = YES_AGGRESSIVE;
				GCC_WARN_UNUSED_FUNCTION = YES;
				GCC_WARN_UNUSED_VARIABLE = YES;
				IPHONEOS_DEPLOYMENT_TARGET = 13.0;
				MTL_ENABLE_DEBUG_INFO = INCLUDE_SOURCE;
				MTL_FAST_MATH = YES;
				ONLY_ACTIVE_ARCH = YES;
				SDKROOT = iphoneos;
				SWIFT_ACTIVE_COMPILATION_CONDITIONS = DEBUG;
				SWIFT_OPTIMIZATION_LEVEL = "-Onone";
			};
			name = Debug;
		};
		D2FCB1C8233A388000659F98 /* Release */ = {
			isa = XCBuildConfiguration;
			buildSettings = {
				ALWAYS_SEARCH_USER_PATHS = NO;
				CLANG_ANALYZER_NONNULL = YES;
				CLANG_ANALYZER_NUMBER_OBJECT_CONVERSION = YES_AGGRESSIVE;
				CLANG_CXX_LANGUAGE_STANDARD = "gnu++14";
				CLANG_CXX_LIBRARY = "libc++";
				CLANG_ENABLE_MODULES = YES;
				CLANG_ENABLE_OBJC_ARC = YES;
				CLANG_ENABLE_OBJC_WEAK = YES;
				CLANG_WARN_BLOCK_CAPTURE_AUTORELEASING = YES;
				CLANG_WARN_BOOL_CONVERSION = YES;
				CLANG_WARN_COMMA = YES;
				CLANG_WARN_CONSTANT_CONVERSION = YES;
				CLANG_WARN_DEPRECATED_OBJC_IMPLEMENTATIONS = YES;
				CLANG_WARN_DIRECT_OBJC_ISA_USAGE = YES_ERROR;
				CLANG_WARN_DOCUMENTATION_COMMENTS = YES;
				CLANG_WARN_EMPTY_BODY = YES;
				CLANG_WARN_ENUM_CONVERSION = YES;
				CLANG_WARN_INFINITE_RECURSION = YES;
				CLANG_WARN_INT_CONVERSION = YES;
				CLANG_WARN_NON_LITERAL_NULL_CONVERSION = YES;
				CLANG_WARN_OBJC_IMPLICIT_RETAIN_SELF = YES;
				CLANG_WARN_OBJC_LITERAL_CONVERSION = YES;
				CLANG_WARN_OBJC_ROOT_CLASS = YES_ERROR;
				CLANG_WARN_RANGE_LOOP_ANALYSIS = YES;
				CLANG_WARN_STRICT_PROTOTYPES = YES;
				CLANG_WARN_SUSPICIOUS_MOVE = YES;
				CLANG_WARN_UNGUARDED_AVAILABILITY = YES_AGGRESSIVE;
				CLANG_WARN_UNREACHABLE_CODE = YES;
				CLANG_WARN__DUPLICATE_METHOD_MATCH = YES;
				COPY_PHASE_STRIP = NO;
				DEBUG_INFORMATION_FORMAT = "dwarf-with-dsym";
				ENABLE_NS_ASSERTIONS = NO;
				ENABLE_STRICT_OBJC_MSGSEND = YES;
				GCC_C_LANGUAGE_STANDARD = gnu11;
				GCC_NO_COMMON_BLOCKS = YES;
				GCC_WARN_64_TO_32_BIT_CONVERSION = YES;
				GCC_WARN_ABOUT_RETURN_TYPE = YES_ERROR;
				GCC_WARN_UNDECLARED_SELECTOR = YES;
				GCC_WARN_UNINITIALIZED_AUTOS = YES_AGGRESSIVE;
				GCC_WARN_UNUSED_FUNCTION = YES;
				GCC_WARN_UNUSED_VARIABLE = YES;
				IPHONEOS_DEPLOYMENT_TARGET = 13.0;
				MTL_ENABLE_DEBUG_INFO = NO;
				MTL_FAST_MATH = YES;
				SDKROOT = iphoneos;
				SWIFT_COMPILATION_MODE = wholemodule;
				SWIFT_OPTIMIZATION_LEVEL = "-O";
				VALIDATE_PRODUCT = YES;
			};
			name = Release;
		};
		D2FCB1CA233A388000659F98 /* Debug */ = {
			isa = XCBuildConfiguration;
			buildSettings = {
				ASSETCATALOG_COMPILER_APPICON_NAME = AppIcon;
				CODE_SIGN_STYLE = Automatic;
				DEVELOPMENT_TEAM = 2AQ5J9YV2D;
				INFOPLIST_FILE = Numbers/Info.plist;
				LD_RUNPATH_SEARCH_PATHS = (
					"$(inherited)",
					"@executable_path/Frameworks",
				);
				PRODUCT_BUNDLE_IDENTIFIER = me.itzzmeakhi.Numbers;
				PRODUCT_NAME = "$(TARGET_NAME)";
				SWIFT_VERSION = 5.0;
				TARGETED_DEVICE_FAMILY = "1,2";
			};
			name = Debug;
		};
		D2FCB1CB233A388000659F98 /* Release */ = {
			isa = XCBuildConfiguration;
			buildSettings = {
				ASSETCATALOG_COMPILER_APPICON_NAME = AppIcon;
				CODE_SIGN_STYLE = Automatic;
				DEVELOPMENT_TEAM = 2AQ5J9YV2D;
				INFOPLIST_FILE = Numbers/Info.plist;
				LD_RUNPATH_SEARCH_PATHS = (
					"$(inherited)",
					"@executable_path/Frameworks",
				);
				PRODUCT_BUNDLE_IDENTIFIER = me.itzzmeakhi.Numbers;
				PRODUCT_NAME = "$(TARGET_NAME)";
				SWIFT_VERSION = 5.0;
				TARGETED_DEVICE_FAMILY = "1,2";
			};
			name = Release;
		};
		D2FCB1CD233A388000659F98 /* Debug */ = {
			isa = XCBuildConfiguration;
			buildSettings = {
				ALWAYS_EMBED_SWIFT_STANDARD_LIBRARIES = YES;
				BUNDLE_LOADER = "$(TEST_HOST)";
				CODE_SIGN_STYLE = Automatic;
				DEVELOPMENT_TEAM = 2AQ5J9YV2D;
				INFOPLIST_FILE = NumbersTests/Info.plist;
				IPHONEOS_DEPLOYMENT_TARGET = 13.0;
				LD_RUNPATH_SEARCH_PATHS = (
					"$(inherited)",
					"@executable_path/Frameworks",
					"@loader_path/Frameworks",
				);
				PRODUCT_BUNDLE_IDENTIFIER = me.itzzmeakhi.NumbersTests;
				PRODUCT_NAME = "$(TARGET_NAME)";
				SWIFT_VERSION = 5.0;
				TARGETED_DEVICE_FAMILY = "1,2";
				TEST_HOST = "$(BUILT_PRODUCTS_DIR)/Numbers.app/Numbers";
			};
			name = Debug;
		};
		D2FCB1CE233A388000659F98 /* Release */ = {
			isa = XCBuildConfiguration;
			buildSettings = {
				ALWAYS_EMBED_SWIFT_STANDARD_LIBRARIES = YES;
				BUNDLE_LOADER = "$(TEST_HOST)";
				CODE_SIGN_STYLE = Automatic;
				DEVELOPMENT_TEAM = 2AQ5J9YV2D;
				INFOPLIST_FILE = NumbersTests/Info.plist;
				IPHONEOS_DEPLOYMENT_TARGET = 13.0;
				LD_RUNPATH_SEARCH_PATHS = (
					"$(inherited)",
					"@executable_path/Frameworks",
					"@loader_path/Frameworks",
				);
				PRODUCT_BUNDLE_IDENTIFIER = me.itzzmeakhi.NumbersTests;
				PRODUCT_NAME = "$(TARGET_NAME)";
				SWIFT_VERSION = 5.0;
				TARGETED_DEVICE_FAMILY = "1,2";
				TEST_HOST = "$(BUILT_PRODUCTS_DIR)/Numbers.app/Numbers";
			};
			name = Release;
		};
		D2FCB1D0233A388000659F98 /* Debug */ = {
			isa = XCBuildConfiguration;
			buildSettings = {
				ALWAYS_EMBED_SWIFT_STANDARD_LIBRARIES = YES;
				CODE_SIGN_STYLE = Automatic;
				DEVELOPMENT_TEAM = 2AQ5J9YV2D;
				INFOPLIST_FILE = NumbersUITests/Info.plist;
				LD_RUNPATH_SEARCH_PATHS = (
					"$(inherited)",
					"@executable_path/Frameworks",
					"@loader_path/Frameworks",
				);
				PRODUCT_BUNDLE_IDENTIFIER = me.itzzmeakhi.NumbersUITests;
				PRODUCT_NAME = "$(TARGET_NAME)";
				SWIFT_VERSION = 5.0;
				TARGETED_DEVICE_FAMILY = "1,2";
				TEST_TARGET_NAME = Numbers;
			};
			name = Debug;
		};
		D2FCB1D1233A388000659F98 /* Release */ = {
			isa = XCBuildConfiguration;
			buildSettings = {
				ALWAYS_EMBED_SWIFT_STANDARD_LIBRARIES = YES;
				CODE_SIGN_STYLE = Automatic;
				DEVELOPMENT_TEAM = 2AQ5J9YV2D;
				INFOPLIST_FILE = NumbersUITests/Info.plist;
				LD_RUNPATH_SEARCH_PATHS = (
					"$(inherited)",
					"@executable_path/Frameworks",
					"@loader_path/Frameworks",
				);
				PRODUCT_BUNDLE_IDENTIFIER = me.itzzmeakhi.NumbersUITests;
				PRODUCT_NAME = "$(TARGET_NAME)";
				SWIFT_VERSION = 5.0;
				TARGETED_DEVICE_FAMILY = "1,2";
				TEST_TARGET_NAME = Numbers;
			};
			name = Release;
		};
/* End XCBuildConfiguration section */

/* Begin XCConfigurationList section */
		D2FCB19A233A387C00659F98 /* Build configuration list for PBXProject "Numbers" */ = {
			isa = XCConfigurationList;
			buildConfigurations = (
				D2FCB1C7233A388000659F98 /* Debug */,
				D2FCB1C8233A388000659F98 /* Release */,
			);
			defaultConfigurationIsVisible = 0;
			defaultConfigurationName = Release;
		};
		D2FCB1C9233A388000659F98 /* Build configuration list for PBXNativeTarget "Numbers" */ = {
			isa = XCConfigurationList;
			buildConfigurations = (
				D2FCB1CA233A388000659F98 /* Debug */,
				D2FCB1CB233A388000659F98 /* Release */,
			);
			defaultConfigurationIsVisible = 0;
			defaultConfigurationName = Release;
		};
		D2FCB1CC233A388000659F98 /* Build configuration list for PBXNativeTarget "NumbersTests" */ = {
			isa = XCConfigurationList;
			buildConfigurations = (
				D2FCB1CD233A388000659F98 /* Debug */,
				D2FCB1CE233A388000659F98 /* Release */,
			);
			defaultConfigurationIsVisible = 0;
			defaultConfigurationName = Release;
		};
		D2FCB1CF233A388000659F98 /* Build configuration list for PBXNativeTarget "NumbersUITests" */ = {
			isa = XCConfigurationList;
			buildConfigurations = (
				D2FCB1D0233A388000659F98 /* Debug */,
				D2FCB1D1233A388000659F98 /* Release */,
			);
			defaultConfigurationIsVisible = 0;
			defaultConfigurationName = Release;
		};
/* End XCConfigurationList section */
	};
	rootObject = D2FCB197233A387C00659F98 /* Project object */;
}
