// !$*UTF8*$!
{
	archiveVersion = 1;
	classes = {
	};
	objectVersion = 50;
	objects = {

/* Begin PBXBuildFile section */
		D239D27C2327EF0C003F867D /* AppDelegate.swift in Sources */ = {isa = PBXBuildFile; fileRef = D239D27B2327EF0C003F867D /* AppDelegate.swift */; };
		D239D27E2327EF0C003F867D /* ViewController.swift in Sources */ = {isa = PBXBuildFile; fileRef = D239D27D2327EF0C003F867D /* ViewController.swift */; };
		D239D2812327EF0C003F867D /* Main.storyboard in Resources */ = {isa = PBXBuildFile; fileRef = D239D27F2327EF0C003F867D /* Main.storyboard */; };
		D239D2832327EF0E003F867D /* Assets.xcassets in Resources */ = {isa = PBXBuildFile; fileRef = D239D2822327EF0E003F867D /* Assets.xcassets */; };
		D239D2862327EF0E003F867D /* LaunchScreen.storyboard in Resources */ = {isa = PBXBuildFile; fileRef = D239D2842327EF0E003F867D /* LaunchScreen.storyboard */; };
		D239D2912327EF0F003F867D /* I_Am_PoorTests.swift in Sources */ = {isa = PBXBuildFile; fileRef = D239D2902327EF0F003F867D /* I_Am_PoorTests.swift */; };
		D239D29C2327EF0F003F867D /* I_Am_PoorUITests.swift in Sources */ = {isa = PBXBuildFile; fileRef = D239D29B2327EF0F003F867D /* I_Am_PoorUITests.swift */; };
/* End PBXBuildFile section */

/* Begin PBXContainerItemProxy section */
		D239D28D2327EF0E003F867D /* PBXContainerItemProxy */ = {
			isa = PBXContainerItemProxy;
			containerPortal = D239D2702327EF0C003F867D /* Project object */;
			proxyType = 1;
			remoteGlobalIDString = D239D2772327EF0C003F867D;
			remoteInfo = "I Am Poor";
		};
		D239D2982327EF0F003F867D /* PBXContainerItemProxy */ = {
			isa = PBXContainerItemProxy;
			containerPortal = D239D2702327EF0C003F867D /* Project object */;
			proxyType = 1;
			remoteGlobalIDString = D239D2772327EF0C003F867D;
			remoteInfo = "I Am Poor";
		};
/* End PBXContainerItemProxy section */

/* Begin PBXFileReference section */
		D239D2782327EF0C003F867D /* I Am Poor.app */ = {isa = PBXFileReference; explicitFileType = wrapper.application; includeInIndex = 0; path = "I Am Poor.app"; sourceTree = BUILT_PRODUCTS_DIR; };
		D239D27B2327EF0C003F867D /* AppDelegate.swift */ = {isa = PBXFileReference; lastKnownFileType = sourcecode.swift; path = AppDelegate.swift; sourceTree = "<group>"; };
		D239D27D2327EF0C003F867D /* ViewController.swift */ = {isa = PBXFileReference; lastKnownFileType = sourcecode.swift; path = ViewController.swift; sourceTree = "<group>"; };
		D239D2802327EF0C003F867D /* Base */ = {isa = PBXFileReference; lastKnownFileType = file.storyboard; name = Base; path = Base.lproj/Main.storyboard; sourceTree = "<group>"; };
		D239D2822327EF0E003F867D /* Assets.xcassets */ = {isa = PBXFileReference; lastKnownFileType = folder.assetcatalog; path = Assets.xcassets; sourceTree = "<group>"; };
		D239D2852327EF0E003F867D /* Base */ = {isa = PBXFileReference; lastKnownFileType = file.storyboard; name = Base; path = Base.lproj/LaunchScreen.storyboard; sourceTree = "<group>"; };
		D239D2872327EF0E003F867D /* Info.plist */ = {isa = PBXFileReference; lastKnownFileType = text.plist.xml; path = Info.plist; sourceTree = "<group>"; };
		D239D28C2327EF0E003F867D /* I Am PoorTests.xctest */ = {isa = PBXFileReference; explicitFileType = wrapper.cfbundle; includeInIndex = 0; path = "I Am PoorTests.xctest"; sourceTree = BUILT_PRODUCTS_DIR; };
		D239D2902327EF0F003F867D /* I_Am_PoorTests.swift */ = {isa = PBXFileReference; lastKnownFileType = sourcecode.swift; path = I_Am_PoorTests.swift; sourceTree = "<group>"; };
		D239D2922327EF0F003F867D /* Info.plist */ = {isa = PBXFileReference; lastKnownFileType = text.plist.xml; path = Info.plist; sourceTree = "<group>"; };
		D239D2972327EF0F003F867D /* I Am PoorUITests.xctest */ = {isa = PBXFileReference; explicitFileType = wrapper.cfbundle; includeInIndex = 0; path = "I Am PoorUITests.xctest"; sourceTree = BUILT_PRODUCTS_DIR; };
		D239D29B2327EF0F003F867D /* I_Am_PoorUITests.swift */ = {isa = PBXFileReference; lastKnownFileType = sourcecode.swift; path = I_Am_PoorUITests.swift; sourceTree = "<group>"; };
		D239D29D2327EF0F003F867D /* Info.plist */ = {isa = PBXFileReference; lastKnownFileType = text.plist.xml; path = Info.plist; sourceTree = "<group>"; };
/* End PBXFileReference section */

/* Begin PBXFrameworksBuildPhase section */
		D239D2752327EF0C003F867D /* Frameworks */ = {
			isa = PBXFrameworksBuildPhase;
			buildActionMask = 2147483647;
			files = (
			);
			runOnlyForDeploymentPostprocessing = 0;
		};
		D239D2892327EF0E003F867D /* Frameworks */ = {
			isa = PBXFrameworksBuildPhase;
			buildActionMask = 2147483647;
			files = (
			);
			runOnlyForDeploymentPostprocessing = 0;
		};
		D239D2942327EF0F003F867D /* Frameworks */ = {
			isa = PBXFrameworksBuildPhase;
			buildActionMask = 2147483647;
			files = (
			);
			runOnlyForDeploymentPostprocessing = 0;
		};
/* End PBXFrameworksBuildPhase section */

/* Begin PBXGroup section */
		D239D26F2327EF0C003F867D = {
			isa = PBXGroup;
			children = (
				D239D27A2327EF0C003F867D /* I Am Poor */,
				D239D28F2327EF0F003F867D /* I Am PoorTests */,
				D239D29A2327EF0F003F867D /* I Am PoorUITests */,
				D239D2792327EF0C003F867D /* Products */,
			);
			sourceTree = "<group>";
		};
		D239D2792327EF0C003F867D /* Products */ = {
			isa = PBXGroup;
			children = (
				D239D2782327EF0C003F867D /* I Am Poor.app */,
				D239D28C2327EF0E003F867D /* I Am PoorTests.xctest */,
				D239D2972327EF0F003F867D /* I Am PoorUITests.xctest */,
			);
			name = Products;
			sourceTree = "<group>";
		};
		D239D27A2327EF0C003F867D /* I Am Poor */ = {
			isa = PBXGroup;
			children = (
				D239D27B2327EF0C003F867D /* AppDelegate.swift */,
				D239D27D2327EF0C003F867D /* ViewController.swift */,
				D239D27F2327EF0C003F867D /* Main.storyboard */,
				D239D2822327EF0E003F867D /* Assets.xcassets */,
				D239D2842327EF0E003F867D /* LaunchScreen.storyboard */,
				D239D2872327EF0E003F867D /* Info.plist */,
			);
			path = "I Am Poor";
			sourceTree = "<group>";
		};
		D239D28F2327EF0F003F867D /* I Am PoorTests */ = {
			isa = PBXGroup;
			children = (
				D239D2902327EF0F003F867D /* I_Am_PoorTests.swift */,
				D239D2922327EF0F003F867D /* Info.plist */,
			);
			path = "I Am PoorTests";
			sourceTree = "<group>";
		};
		D239D29A2327EF0F003F867D /* I Am PoorUITests */ = {
			isa = PBXGroup;
			children = (
				D239D29B2327EF0F003F867D /* I_Am_PoorUITests.swift */,
				D239D29D2327EF0F003F867D /* Info.plist */,
			);
			path = "I Am PoorUITests";
			sourceTree = "<group>";
		};
/* End PBXGroup section */

/* Begin PBXNativeTarget section */
		D239D2772327EF0C003F867D /* I Am Poor */ = {
			isa = PBXNativeTarget;
			buildConfigurationList = D239D2A02327EF0F003F867D /* Build configuration list for PBXNativeTarget "I Am Poor" */;
			buildPhases = (
				D239D2742327EF0C003F867D /* Sources */,
				D239D2752327EF0C003F867D /* Frameworks */,
				D239D2762327EF0C003F867D /* Resources */,
			);
			buildRules = (
			);
			dependencies = (
			);
			name = "I Am Poor";
			productName = "I Am Poor";
			productReference = D239D2782327EF0C003F867D /* I Am Poor.app */;
			productType = "com.apple.product-type.application";
		};
		D239D28B2327EF0E003F867D /* I Am PoorTests */ = {
			isa = PBXNativeTarget;
			buildConfigurationList = D239D2A32327EF0F003F867D /* Build configuration list for PBXNativeTarget "I Am PoorTests" */;
			buildPhases = (
				D239D2882327EF0E003F867D /* Sources */,
				D239D2892327EF0E003F867D /* Frameworks */,
				D239D28A2327EF0E003F867D /* Resources */,
			);
			buildRules = (
			);
			dependencies = (
				D239D28E2327EF0E003F867D /* PBXTargetDependency */,
			);
			name = "I Am PoorTests";
			productName = "I Am PoorTests";
			productReference = D239D28C2327EF0E003F867D /* I Am PoorTests.xctest */;
			productType = "com.apple.product-type.bundle.unit-test";
		};
		D239D2962327EF0F003F867D /* I Am PoorUITests */ = {
			isa = PBXNativeTarget;
			buildConfigurationList = D239D2A62327EF0F003F867D /* Build configuration list for PBXNativeTarget "I Am PoorUITests" */;
			buildPhases = (
				D239D2932327EF0F003F867D /* Sources */,
				D239D2942327EF0F003F867D /* Frameworks */,
				D239D2952327EF0F003F867D /* Resources */,
			);
			buildRules = (
			);
			dependencies = (
				D239D2992327EF0F003F867D /* PBXTargetDependency */,
			);
			name = "I Am PoorUITests";
			productName = "I Am PoorUITests";
			productReference = D239D2972327EF0F003F867D /* I Am PoorUITests.xctest */;
			productType = "com.apple.product-type.bundle.ui-testing";
		};
/* End PBXNativeTarget section */

/* Begin PBXProject section */
		D239D2702327EF0C003F867D /* Project object */ = {
			isa = PBXProject;
			attributes = {
				LastSwiftUpdateCheck = 1030;
				LastUpgradeCheck = 1030;
				ORGANIZATIONNAME = "Akhil Reddy";
				TargetAttributes = {
					D239D2772327EF0C003F867D = {
						CreatedOnToolsVersion = 10.3;
					};
					D239D28B2327EF0E003F867D = {
						CreatedOnToolsVersion = 10.3;
						TestTargetID = D239D2772327EF0C003F867D;
					};
					D239D2962327EF0F003F867D = {
						CreatedOnToolsVersion = 10.3;
						TestTargetID = D239D2772327EF0C003F867D;
					};
				};
			};
			buildConfigurationList = D239D2732327EF0C003F867D /* Build configuration list for PBXProject "I Am Poor" */;
			compatibilityVersion = "Xcode 9.3";
			developmentRegion = en;
			hasScannedForEncodings = 0;
			knownRegions = (
				en,
				Base,
			);
			mainGroup = D239D26F2327EF0C003F867D;
			productRefGroup = D239D2792327EF0C003F867D /* Products */;
			projectDirPath = "";
			projectRoot = "";
			targets = (
				D239D2772327EF0C003F867D /* I Am Poor */,
				D239D28B2327EF0E003F867D /* I Am PoorTests */,
				D239D2962327EF0F003F867D /* I Am PoorUITests */,
			);
		};
/* End PBXProject section */

/* Begin PBXResourcesBuildPhase section */
		D239D2762327EF0C003F867D /* Resources */ = {
			isa = PBXResourcesBuildPhase;
			buildActionMask = 2147483647;
			files = (
				D239D2862327EF0E003F867D /* LaunchScreen.storyboard in Resources */,
				D239D2832327EF0E003F867D /* Assets.xcassets in Resources */,
				D239D2812327EF0C003F867D /* Main.storyboard in Resources */,
			);
			runOnlyForDeploymentPostprocessing = 0;
		};
		D239D28A2327EF0E003F867D /* Resources */ = {
			isa = PBXResourcesBuildPhase;
			buildActionMask = 2147483647;
			files = (
			);
			runOnlyForDeploymentPostprocessing = 0;
		};
		D239D2952327EF0F003F867D /* Resources */ = {
			isa = PBXResourcesBuildPhase;
			buildActionMask = 2147483647;
			files = (
			);
			runOnlyForDeploymentPostprocessing = 0;
		};
/* End PBXResourcesBuildPhase section */

/* Begin PBXSourcesBuildPhase section */
		D239D2742327EF0C003F867D /* Sources */ = {
			isa = PBXSourcesBuildPhase;
			buildActionMask = 2147483647;
			files = (
				D239D27E2327EF0C003F867D /* ViewController.swift in Sources */,
				D239D27C2327EF0C003F867D /* AppDelegate.swift in Sources */,
			);
			runOnlyForDeploymentPostprocessing = 0;
		};
		D239D2882327EF0E003F867D /* Sources */ = {
			isa = PBXSourcesBuildPhase;
			buildActionMask = 2147483647;
			files = (
				D239D2912327EF0F003F867D /* I_Am_PoorTests.swift in Sources */,
			);
			runOnlyForDeploymentPostprocessing = 0;
		};
		D239D2932327EF0F003F867D /* Sources */ = {
			isa = PBXSourcesBuildPhase;
			buildActionMask = 2147483647;
			files = (
				D239D29C2327EF0F003F867D /* I_Am_PoorUITests.swift in Sources */,
			);
			runOnlyForDeploymentPostprocessing = 0;
		};
/* End PBXSourcesBuildPhase section */

/* Begin PBXTargetDependency section */
		D239D28E2327EF0E003F867D /* PBXTargetDependency */ = {
			isa = PBXTargetDependency;
			target = D239D2772327EF0C003F867D /* I Am Poor */;
			targetProxy = D239D28D2327EF0E003F867D /* PBXContainerItemProxy */;
		};
		D239D2992327EF0F003F867D /* PBXTargetDependency */ = {
			isa = PBXTargetDependency;
			target = D239D2772327EF0C003F867D /* I Am Poor */;
			targetProxy = D239D2982327EF0F003F867D /* PBXContainerItemProxy */;
		};
/* End PBXTargetDependency section */

/* Begin PBXVariantGroup section */
		D239D27F2327EF0C003F867D /* Main.storyboard */ = {
			isa = PBXVariantGroup;
			children = (
				D239D2802327EF0C003F867D /* Base */,
			);
			name = Main.storyboard;
			sourceTree = "<group>";
		};
		D239D2842327EF0E003F867D /* LaunchScreen.storyboard */ = {
			isa = PBXVariantGroup;
			children = (
				D239D2852327EF0E003F867D /* Base */,
			);
			name = LaunchScreen.storyboard;
			sourceTree = "<group>";
		};
/* End PBXVariantGroup section */

/* Begin XCBuildConfiguration section */
		D239D29E2327EF0F003F867D /* Debug */ = {
			isa = XCBuildConfiguration;
			buildSettings = {
				ALWAYS_SEARCH_USER_PATHS = NO;
				CLANG_ANALYZER_NONNULL = YES;
				CLANG_ANALYZER_NUMBER_OBJECT_CONVERSION = YES_AGGRESSIVE;
				CLANG_CXX_LANGUAGE_STANDARD = "gnu++14";
				CLANG_CXX_LIBRARY = "libc++";
				CLANG_ENABLE_MODULES = YES;
				CLANG_ENABLE_OBJC_ARC = YES;
				CLANG_ENABLE_OBJC_WEAK = YES;
				CLANG_WARN_BLOCK_CAPTURE_AUTORELEASING = YES;
				CLANG_WARN_BOOL_CONVERSION = YES;
				CLANG_WARN_COMMA = YES;
				CLANG_WARN_CONSTANT_CONVERSION = YES;
				CLANG_WARN_DEPRECATED_OBJC_IMPLEMENTATIONS = YES;
				CLANG_WARN_DIRECT_OBJC_ISA_USAGE = YES_ERROR;
				CLANG_WARN_DOCUMENTATION_COMMENTS = YES;
				CLANG_WARN_EMPTY_BODY = YES;
				CLANG_WARN_ENUM_CONVERSION = YES;
				CLANG_WARN_INFINITE_RECURSION = YES;
				CLANG_WARN_INT_CONVERSION = YES;
				CLANG_WARN_NON_LITERAL_NULL_CONVERSION = YES;
				CLANG_WARN_OBJC_IMPLICIT_RETAIN_SELF = YES;
				CLANG_WARN_OBJC_LITERAL_CONVERSION = YES;
				CLANG_WARN_OBJC_ROOT_CLASS = YES_ERROR;
				CLANG_WARN_RANGE_LOOP_ANALYSIS = YES;
				CLANG_WARN_STRICT_PROTOTYPES = YES;
				CLANG_WARN_SUSPICIOUS_MOVE = YES;
				CLANG_WARN_UNGUARDED_AVAILABILITY = YES_AGGRESSIVE;
				CLANG_WARN_UNREACHABLE_CODE = YES;
				CLANG_WARN__DUPLICATE_METHOD_MATCH = YES;
				CODE_SIGN_IDENTITY = "iPhone Developer";
				COPY_PHASE_STRIP = NO;
				DEBUG_INFORMATION_FORMAT = dwarf;
				ENABLE_STRICT_OBJC_MSGSEND = YES;
				ENABLE_TESTABILITY = YES;
				GCC_C_LANGUAGE_STANDARD = gnu11;
				GCC_DYNAMIC_NO_PIC = NO;
				GCC_NO_COMMON_BLOCKS = YES;
				GCC_OPTIMIZATION_LEVEL = 0;
				GCC_PREPROCESSOR_DEFINITIONS = (
					"DEBUG=1",
					"$(inherited)",
				);
				GCC_WARN_64_TO_32_BIT_CONVERSION = YES;
				GCC_WARN_ABOUT_RETURN_TYPE = YES_ERROR;
				GCC_WARN_UNDECLARED_SELECTOR = YES;
				GCC_WARN_UNINITIALIZED_AUTOS = YES_AGGRESSIVE;
				GCC_WARN_UNUSED_FUNCTION = YES;
				GCC_WARN_UNUSED_VARIABLE = YES;
				IPHONEOS_DEPLOYMENT_TARGET = 12.4;
				MTL_ENABLE_DEBUG_INFO = INCLUDE_SOURCE;
				MTL_FAST_MATH = YES;
				ONLY_ACTIVE_ARCH = YES;
				SDKROOT = iphoneos;
				SWIFT_ACTIVE_COMPILATION_CONDITIONS = DEBUG;
				SWIFT_OPTIMIZATION_LEVEL = "-Onone";
			};
			name = Debug;
		};
		D239D29F2327EF0F003F867D /* Release */ = {
			isa = XCBuildConfiguration;
			buildSettings = {
				ALWAYS_SEARCH_USER_PATHS = NO;
				CLANG_ANALYZER_NONNULL = YES;
				CLANG_ANALYZER_NUMBER_OBJECT_CONVERSION = YES_AGGRESSIVE;
				CLANG_CXX_LANGUAGE_STANDARD = "gnu++14";
				CLANG_CXX_LIBRARY = "libc++";
				CLANG_ENABLE_MODULES = YES;
				CLANG_ENABLE_OBJC_ARC = YES;
				CLANG_ENABLE_OBJC_WEAK = YES;
				CLANG_WARN_BLOCK_CAPTURE_AUTORELEASING = YES;
				CLANG_WARN_BOOL_CONVERSION = YES;
				CLANG_WARN_COMMA = YES;
				CLANG_WARN_CONSTANT_CONVERSION = YES;
				CLANG_WARN_DEPRECATED_OBJC_IMPLEMENTATIONS = YES;
				CLANG_WARN_DIRECT_OBJC_ISA_USAGE = YES_ERROR;
				CLANG_WARN_DOCUMENTATION_COMMENTS = YES;
				CLANG_WARN_EMPTY_BODY = YES;
				CLANG_WARN_ENUM_CONVERSION = YES;
				CLANG_WARN_INFINITE_RECURSION = YES;
				CLANG_WARN_INT_CONVERSION = YES;
				CLANG_WARN_NON_LITERAL_NULL_CONVERSION = YES;
				CLANG_WARN_OBJC_IMPLICIT_RETAIN_SELF = YES;
				CLANG_WARN_OBJC_LITERAL_CONVERSION = YES;
				CLANG_WARN_OBJC_ROOT_CLASS = YES_ERROR;
				CLANG_WARN_RANGE_LOOP_ANALYSIS = YES;
				CLANG_WARN_STRICT_PROTOTYPES = YES;
				CLANG_WARN_SUSPICIOUS_MOVE = YES;
				CLANG_WARN_UNGUARDED_AVAILABILITY = YES_AGGRESSIVE;
				CLANG_WARN_UNREACHABLE_CODE = YES;
				CLANG_WARN__DUPLICATE_METHOD_MATCH = YES;
				CODE_SIGN_IDENTITY = "iPhone Developer";
				COPY_PHASE_STRIP = NO;
				DEBUG_INFORMATION_FORMAT = "dwarf-with-dsym";
				ENABLE_NS_ASSERTIONS = NO;
				ENABLE_STRICT_OBJC_MSGSEND = YES;
				GCC_C_LANGUAGE_STANDARD = gnu11;
				GCC_NO_COMMON_BLOCKS = YES;
				GCC_WARN_64_TO_32_BIT_CONVERSION = YES;
				GCC_WARN_ABOUT_RETURN_TYPE = YES_ERROR;
				GCC_WARN_UNDECLARED_SELECTOR = YES;
				GCC_WARN_UNINITIALIZED_AUTOS = YES_AGGRESSIVE;
				GCC_WARN_UNUSED_FUNCTION = YES;
				GCC_WARN_UNUSED_VARIABLE = YES;
				IPHONEOS_DEPLOYMENT_TARGET = 12.4;
				MTL_ENABLE_DEBUG_INFO = NO;
				MTL_FAST_MATH = YES;
				SDKROOT = iphoneos;
				SWIFT_COMPILATION_MODE = wholemodule;
				SWIFT_OPTIMIZATION_LEVEL = "-O";
				VALIDATE_PRODUCT = YES;
			};
			name = Release;
		};
		D239D2A12327EF0F003F867D /* Debug */ = {
			isa = XCBuildConfiguration;
			buildSettings = {
				ASSETCATALOG_COMPILER_APPICON_NAME = AppIcon;
				CODE_SIGN_STYLE = Automatic;
				DEVELOPMENT_TEAM = 2AQ5J9YV2D;
				INFOPLIST_FILE = "I Am Poor/Info.plist";
				LD_RUNPATH_SEARCH_PATHS = (
					"$(inherited)",
					"@executable_path/Frameworks",
				);
				PRODUCT_BUNDLE_IDENTIFIER = "me.itzzmeakhi.I-Am-Poor";
				PRODUCT_NAME = "$(TARGET_NAME)";
				SWIFT_VERSION = 5.0;
				TARGETED_DEVICE_FAMILY = 1;
			};
			name = Debug;
		};
		D239D2A22327EF0F003F867D /* Release */ = {
			isa = XCBuildConfiguration;
			buildSettings = {
				ASSETCATALOG_COMPILER_APPICON_NAME = AppIcon;
				CODE_SIGN_STYLE = Automatic;
				DEVELOPMENT_TEAM = 2AQ5J9YV2D;
				INFOPLIST_FILE = "I Am Poor/Info.plist";
				LD_RUNPATH_SEARCH_PATHS = (
					"$(inherited)",
					"@executable_path/Frameworks",
				);
				PRODUCT_BUNDLE_IDENTIFIER = "me.itzzmeakhi.I-Am-Poor";
				PRODUCT_NAME = "$(TARGET_NAME)";
				SWIFT_VERSION = 5.0;
				TARGETED_DEVICE_FAMILY = 1;
			};
			name = Release;
		};
		D239D2A42327EF0F003F867D /* Debug */ = {
			isa = XCBuildConfiguration;
			buildSettings = {
				ALWAYS_EMBED_SWIFT_STANDARD_LIBRARIES = YES;
				BUNDLE_LOADER = "$(TEST_HOST)";
				CODE_SIGN_STYLE = Automatic;
				INFOPLIST_FILE = "I Am PoorTests/Info.plist";
				LD_RUNPATH_SEARCH_PATHS = (
					"$(inherited)",
					"@executable_path/Frameworks",
					"@loader_path/Frameworks",
				);
				PRODUCT_BUNDLE_IDENTIFIER = "me.itzzmeakhi.I-Am-PoorTests";
				PRODUCT_NAME = "$(TARGET_NAME)";
				SWIFT_VERSION = 5.0;
				TARGETED_DEVICE_FAMILY = "1,2";
				TEST_HOST = "$(BUILT_PRODUCTS_DIR)/I Am Poor.app/I Am Poor";
			};
			name = Debug;
		};
		D239D2A52327EF0F003F867D /* Release */ = {
			isa = XCBuildConfiguration;
			buildSettings = {
				ALWAYS_EMBED_SWIFT_STANDARD_LIBRARIES = YES;
				BUNDLE_LOADER = "$(TEST_HOST)";
				CODE_SIGN_STYLE = Automatic;
				INFOPLIST_FILE = "I Am PoorTests/Info.plist";
				LD_RUNPATH_SEARCH_PATHS = (
					"$(inherited)",
					"@executable_path/Frameworks",
					"@loader_path/Frameworks",
				);
				PRODUCT_BUNDLE_IDENTIFIER = "me.itzzmeakhi.I-Am-PoorTests";
				PRODUCT_NAME = "$(TARGET_NAME)";
				SWIFT_VERSION = 5.0;
				TARGETED_DEVICE_FAMILY = "1,2";
				TEST_HOST = "$(BUILT_PRODUCTS_DIR)/I Am Poor.app/I Am Poor";
			};
			name = Release;
		};
		D239D2A72327EF0F003F867D /* Debug */ = {
			isa = XCBuildConfiguration;
			buildSettings = {
				ALWAYS_EMBED_SWIFT_STANDARD_LIBRARIES = YES;
				CODE_SIGN_STYLE = Automatic;
				INFOPLIST_FILE = "I Am PoorUITests/Info.plist";
				LD_RUNPATH_SEARCH_PATHS = (
					"$(inherited)",
					"@executable_path/Frameworks",
					"@loader_path/Frameworks",
				);
				PRODUCT_BUNDLE_IDENTIFIER = "me.itzzmeakhi.I-Am-PoorUITests";
				PRODUCT_NAME = "$(TARGET_NAME)";
				SWIFT_VERSION = 5.0;
				TARGETED_DEVICE_FAMILY = "1,2";
				TEST_TARGET_NAME = "I Am Poor";
			};
			name = Debug;
		};
		D239D2A82327EF0F003F867D /* Release */ = {
			isa = XCBuildConfiguration;
			buildSettings = {
				ALWAYS_EMBED_SWIFT_STANDARD_LIBRARIES = YES;
				CODE_SIGN_STYLE = Automatic;
				INFOPLIST_FILE = "I Am PoorUITests/Info.plist";
				LD_RUNPATH_SEARCH_PATHS = (
					"$(inherited)",
					"@executable_path/Frameworks",
					"@loader_path/Frameworks",
				);
				PRODUCT_BUNDLE_IDENTIFIER = "me.itzzmeakhi.I-Am-PoorUITests";
				PRODUCT_NAME = "$(TARGET_NAME)";
				SWIFT_VERSION = 5.0;
				TARGETED_DEVICE_FAMILY = "1,2";
				TEST_TARGET_NAME = "I Am Poor";
			};
			name = Release;
		};
/* End XCBuildConfiguration section */

/* Begin XCConfigurationList section */
		D239D2732327EF0C003F867D /* Build configuration list for PBXProject "I Am Poor" */ = {
			isa = XCConfigurationList;
			buildConfigurations = (
				D239D29E2327EF0F003F867D /* Debug */,
				D239D29F2327EF0F003F867D /* Release */,
			);
			defaultConfigurationIsVisible = 0;
			defaultConfigurationName = Release;
		};
		D239D2A02327EF0F003F867D /* Build configuration list for PBXNativeTarget "I Am Poor" */ = {
			isa = XCConfigurationList;
			buildConfigurations = (
				D239D2A12327EF0F003F867D /* Debug */,
				D239D2A22327EF0F003F867D /* Release */,
			);
			defaultConfigurationIsVisible = 0;
			defaultConfigurationName = Release;
		};
		D239D2A32327EF0F003F867D /* Build configuration list for PBXNativeTarget "I Am PoorTests" */ = {
			isa = XCConfigurationList;
			buildConfigurations = (
				D239D2A42327EF0F003F867D /* Debug */,
				D239D2A52327EF0F003F867D /* Release */,
			);
			defaultConfigurationIsVisible = 0;
			defaultConfigurationName = Release;
		};
		D239D2A62327EF0F003F867D /* Build configuration list for PBXNativeTarget "I Am PoorUITests" */ = {
			isa = XCConfigurationList;
			buildConfigurations = (
				D239D2A72327EF0F003F867D /* Debug */,
				D239D2A82327EF0F003F867D /* Release */,
			);
			defaultConfigurationIsVisible = 0;
			defaultConfigurationName = Release;
		};
/* End XCConfigurationList section */
	};
	rootObject = D239D2702327EF0C003F867D /* Project object */;
}
