// !$*UTF8*$!
{
	archiveVersion = 1;
	classes = {
	};
	objectVersion = 50;
	objects = {

/* Begin PBXBuildFile section */
		D239D2B62328B3A4003F867D /* AppDelegate.swift in Sources */ = {isa = PBXBuildFile; fileRef = D239D2B52328B3A4003F867D /* AppDelegate.swift */; };
		D239D2B82328B3A4003F867D /* ViewController.swift in Sources */ = {isa = PBXBuildFile; fileRef = D239D2B72328B3A4003F867D /* ViewController.swift */; };
		D239D2BB2328B3A4003F867D /* Main.storyboard in Resources */ = {isa = PBXBuildFile; fileRef = D239D2B92328B3A4003F867D /* Main.storyboard */; };
		D239D2BD2328B3A8003F867D /* Assets.xcassets in Resources */ = {isa = PBXBuildFile; fileRef = D239D2BC2328B3A8003F867D /* Assets.xcassets */; };
		D239D2C02328B3A8003F867D /* LaunchScreen.storyboard in Resources */ = {isa = PBXBuildFile; fileRef = D239D2BE2328B3A8003F867D /* LaunchScreen.storyboard */; };
		D239D2CB2328B3A9003F867D /* DiceTests.swift in Sources */ = {isa = PBXBuildFile; fileRef = D239D2CA2328B3A9003F867D /* DiceTests.swift */; };
		D239D2D62328B3A9003F867D /* DiceUITests.swift in Sources */ = {isa = PBXBuildFile; fileRef = D239D2D52328B3A9003F867D /* DiceUITests.swift */; };
/* End PBXBuildFile section */

/* Begin PBXContainerItemProxy section */
		D239D2C72328B3A9003F867D /* PBXContainerItemProxy */ = {
			isa = PBXContainerItemProxy;
			containerPortal = D239D2AA2328B3A4003F867D /* Project object */;
			proxyType = 1;
			remoteGlobalIDString = D239D2B12328B3A4003F867D;
			remoteInfo = Dice;
		};
		D239D2D22328B3A9003F867D /* PBXContainerItemProxy */ = {
			isa = PBXContainerItemProxy;
			containerPortal = D239D2AA2328B3A4003F867D /* Project object */;
			proxyType = 1;
			remoteGlobalIDString = D239D2B12328B3A4003F867D;
			remoteInfo = Dice;
		};
/* End PBXContainerItemProxy section */

/* Begin PBXFileReference section */
		D239D2B22328B3A4003F867D /* Dice.app */ = {isa = PBXFileReference; explicitFileType = wrapper.application; includeInIndex = 0; path = Dice.app; sourceTree = BUILT_PRODUCTS_DIR; };
		D239D2B52328B3A4003F867D /* AppDelegate.swift */ = {isa = PBXFileReference; lastKnownFileType = sourcecode.swift; path = AppDelegate.swift; sourceTree = "<group>"; };
		D239D2B72328B3A4003F867D /* ViewController.swift */ = {isa = PBXFileReference; lastKnownFileType = sourcecode.swift; path = ViewController.swift; sourceTree = "<group>"; };
		D239D2BA2328B3A4003F867D /* Base */ = {isa = PBXFileReference; lastKnownFileType = file.storyboard; name = Base; path = Base.lproj/Main.storyboard; sourceTree = "<group>"; };
		D239D2BC2328B3A8003F867D /* Assets.xcassets */ = {isa = PBXFileReference; lastKnownFileType = folder.assetcatalog; path = Assets.xcassets; sourceTree = "<group>"; };
		D239D2BF2328B3A8003F867D /* Base */ = {isa = PBXFileReference; lastKnownFileType = file.storyboard; name = Base; path = Base.lproj/LaunchScreen.storyboard; sourceTree = "<group>"; };
		D239D2C12328B3A8003F867D /* Info.plist */ = {isa = PBXFileReference; lastKnownFileType = text.plist.xml; path = Info.plist; sourceTree = "<group>"; };
		D239D2C62328B3A8003F867D /* DiceTests.xctest */ = {isa = PBXFileReference; explicitFileType = wrapper.cfbundle; includeInIndex = 0; path = DiceTests.xctest; sourceTree = BUILT_PRODUCTS_DIR; };
		D239D2CA2328B3A9003F867D /* DiceTests.swift */ = {isa = PBXFileReference; lastKnownFileType = sourcecode.swift; path = DiceTests.swift; sourceTree = "<group>"; };
		D239D2CC2328B3A9003F867D /* Info.plist */ = {isa = PBXFileReference; lastKnownFileType = text.plist.xml; path = Info.plist; sourceTree = "<group>"; };
		D239D2D12328B3A9003F867D /* DiceUITests.xctest */ = {isa = PBXFileReference; explicitFileType = wrapper.cfbundle; includeInIndex = 0; path = DiceUITests.xctest; sourceTree = BUILT_PRODUCTS_DIR; };
		D239D2D52328B3A9003F867D /* DiceUITests.swift */ = {isa = PBXFileReference; lastKnownFileType = sourcecode.swift; path = DiceUITests.swift; sourceTree = "<group>"; };
		D239D2D72328B3A9003F867D /* Info.plist */ = {isa = PBXFileReference; lastKnownFileType = text.plist.xml; path = Info.plist; sourceTree = "<group>"; };
/* End PBXFileReference section */

/* Begin PBXFrameworksBuildPhase section */
		D239D2AF2328B3A4003F867D /* Frameworks */ = {
			isa = PBXFrameworksBuildPhase;
			buildActionMask = 2147483647;
			files = (
			);
			runOnlyForDeploymentPostprocessing = 0;
		};
		D239D2C32328B3A8003F867D /* Frameworks */ = {
			isa = PBXFrameworksBuildPhase;
			buildActionMask = 2147483647;
			files = (
			);
			runOnlyForDeploymentPostprocessing = 0;
		};
		D239D2CE2328B3A9003F867D /* Frameworks */ = {
			isa = PBXFrameworksBuildPhase;
			buildActionMask = 2147483647;
			files = (
			);
			runOnlyForDeploymentPostprocessing = 0;
		};
/* End PBXFrameworksBuildPhase section */

/* Begin PBXGroup section */
		D239D2A92328B3A4003F867D = {
			isa = PBXGroup;
			children = (
				D239D2B42328B3A4003F867D /* Dice */,
				D239D2C92328B3A9003F867D /* DiceTests */,
				D239D2D42328B3A9003F867D /* DiceUITests */,
				D239D2B32328B3A4003F867D /* Products */,
			);
			sourceTree = "<group>";
		};
		D239D2B32328B3A4003F867D /* Products */ = {
			isa = PBXGroup;
			children = (
				D239D2B22328B3A4003F867D /* Dice.app */,
				D239D2C62328B3A8003F867D /* DiceTests.xctest */,
				D239D2D12328B3A9003F867D /* DiceUITests.xctest */,
			);
			name = Products;
			sourceTree = "<group>";
		};
		D239D2B42328B3A4003F867D /* Dice */ = {
			isa = PBXGroup;
			children = (
				D239D2B52328B3A4003F867D /* AppDelegate.swift */,
				D239D2B72328B3A4003F867D /* ViewController.swift */,
				D239D2B92328B3A4003F867D /* Main.storyboard */,
				D239D2BC2328B3A8003F867D /* Assets.xcassets */,
				D239D2BE2328B3A8003F867D /* LaunchScreen.storyboard */,
				D239D2C12328B3A8003F867D /* Info.plist */,
			);
			path = Dice;
			sourceTree = "<group>";
		};
		D239D2C92328B3A9003F867D /* DiceTests */ = {
			isa = PBXGroup;
			children = (
				D239D2CA2328B3A9003F867D /* DiceTests.swift */,
				D239D2CC2328B3A9003F867D /* Info.plist */,
			);
			path = DiceTests;
			sourceTree = "<group>";
		};
		D239D2D42328B3A9003F867D /* DiceUITests */ = {
			isa = PBXGroup;
			children = (
				D239D2D52328B3A9003F867D /* DiceUITests.swift */,
				D239D2D72328B3A9003F867D /* Info.plist */,
			);
			path = DiceUITests;
			sourceTree = "<group>";
		};
/* End PBXGroup section */

/* Begin PBXNativeTarget section */
		D239D2B12328B3A4003F867D /* Dice */ = {
			isa = PBXNativeTarget;
			buildConfigurationList = D239D2DA2328B3A9003F867D /* Build configuration list for PBXNativeTarget "Dice" */;
			buildPhases = (
				D239D2AE2328B3A4003F867D /* Sources */,
				D239D2AF2328B3A4003F867D /* Frameworks */,
				D239D2B02328B3A4003F867D /* Resources */,
			);
			buildRules = (
			);
			dependencies = (
			);
			name = Dice;
			productName = Dice;
			productReference = D239D2B22328B3A4003F867D /* Dice.app */;
			productType = "com.apple.product-type.application";
		};
		D239D2C52328B3A8003F867D /* DiceTests */ = {
			isa = PBXNativeTarget;
			buildConfigurationList = D239D2DD2328B3A9003F867D /* Build configuration list for PBXNativeTarget "DiceTests" */;
			buildPhases = (
				D239D2C22328B3A8003F867D /* Sources */,
				D239D2C32328B3A8003F867D /* Frameworks */,
				D239D2C42328B3A8003F867D /* Resources */,
			);
			buildRules = (
			);
			dependencies = (
				D239D2C82328B3A9003F867D /* PBXTargetDependency */,
			);
			name = DiceTests;
			productName = DiceTests;
			productReference = D239D2C62328B3A8003F867D /* DiceTests.xctest */;
			productType = "com.apple.product-type.bundle.unit-test";
		};
		D239D2D02328B3A9003F867D /* DiceUITests */ = {
			isa = PBXNativeTarget;
			buildConfigurationList = D239D2E02328B3A9003F867D /* Build configuration list for PBXNativeTarget "DiceUITests" */;
			buildPhases = (
				D239D2CD2328B3A9003F867D /* Sources */,
				D239D2CE2328B3A9003F867D /* Frameworks */,
				D239D2CF2328B3A9003F867D /* Resources */,
			);
			buildRules = (
			);
			dependencies = (
				D239D2D32328B3A9003F867D /* PBXTargetDependency */,
			);
			name = DiceUITests;
			productName = DiceUITests;
			productReference = D239D2D12328B3A9003F867D /* DiceUITests.xctest */;
			productType = "com.apple.product-type.bundle.ui-testing";
		};
/* End PBXNativeTarget section */

/* Begin PBXProject section */
		D239D2AA2328B3A4003F867D /* Project object */ = {
			isa = PBXProject;
			attributes = {
				LastSwiftUpdateCheck = 1030;
				LastUpgradeCheck = 1030;
				ORGANIZATIONNAME = "Akhil Reddy";
				TargetAttributes = {
					D239D2B12328B3A4003F867D = {
						CreatedOnToolsVersion = 10.3;
					};
					D239D2C52328B3A8003F867D = {
						CreatedOnToolsVersion = 10.3;
						TestTargetID = D239D2B12328B3A4003F867D;
					};
					D239D2D02328B3A9003F867D = {
						CreatedOnToolsVersion = 10.3;
						TestTargetID = D239D2B12328B3A4003F867D;
					};
				};
			};
			buildConfigurationList = D239D2AD2328B3A4003F867D /* Build configuration list for PBXProject "Dice" */;
			compatibilityVersion = "Xcode 9.3";
			developmentRegion = en;
			hasScannedForEncodings = 0;
			knownRegions = (
				en,
				Base,
			);
			mainGroup = D239D2A92328B3A4003F867D;
			productRefGroup = D239D2B32328B3A4003F867D /* Products */;
			projectDirPath = "";
			projectRoot = "";
			targets = (
				D239D2B12328B3A4003F867D /* Dice */,
				D239D2C52328B3A8003F867D /* DiceTests */,
				D239D2D02328B3A9003F867D /* DiceUITests */,
			);
		};
/* End PBXProject section */

/* Begin PBXResourcesBuildPhase section */
		D239D2B02328B3A4003F867D /* Resources */ = {
			isa = PBXResourcesBuildPhase;
			buildActionMask = 2147483647;
			files = (
				D239D2C02328B3A8003F867D /* LaunchScreen.storyboard in Resources */,
				D239D2BD2328B3A8003F867D /* Assets.xcassets in Resources */,
				D239D2BB2328B3A4003F867D /* Main.storyboard in Resources */,
			);
			runOnlyForDeploymentPostprocessing = 0;
		};
		D239D2C42328B3A8003F867D /* Resources */ = {
			isa = PBXResourcesBuildPhase;
			buildActionMask = 2147483647;
			files = (
			);
			runOnlyForDeploymentPostprocessing = 0;
		};
		D239D2CF2328B3A9003F867D /* Resources */ = {
			isa = PBXResourcesBuildPhase;
			buildActionMask = 2147483647;
			files = (
			);
			runOnlyForDeploymentPostprocessing = 0;
		};
/* End PBXResourcesBuildPhase section */

/* Begin PBXSourcesBuildPhase section */
		D239D2AE2328B3A4003F867D /* Sources */ = {
			isa = PBXSourcesBuildPhase;
			buildActionMask = 2147483647;
			files = (
				D239D2B82328B3A4003F867D /* ViewController.swift in Sources */,
				D239D2B62328B3A4003F867D /* AppDelegate.swift in Sources */,
			);
			runOnlyForDeploymentPostprocessing = 0;
		};
		D239D2C22328B3A8003F867D /* Sources */ = {
			isa = PBXSourcesBuildPhase;
			buildActionMask = 2147483647;
			files = (
				D239D2CB2328B3A9003F867D /* DiceTests.swift in Sources */,
			);
			runOnlyForDeploymentPostprocessing = 0;
		};
		D239D2CD2328B3A9003F867D /* Sources */ = {
			isa = PBXSourcesBuildPhase;
			buildActionMask = 2147483647;
			files = (
				D239D2D62328B3A9003F867D /* DiceUITests.swift in Sources */,
			);
			runOnlyForDeploymentPostprocessing = 0;
		};
/* End PBXSourcesBuildPhase section */

/* Begin PBXTargetDependency section */
		D239D2C82328B3A9003F867D /* PBXTargetDependency */ = {
			isa = PBXTargetDependency;
			target = D239D2B12328B3A4003F867D /* Dice */;
			targetProxy = D239D2C72328B3A9003F867D /* PBXContainerItemProxy */;
		};
		D239D2D32328B3A9003F867D /* PBXTargetDependency */ = {
			isa = PBXTargetDependency;
			target = D239D2B12328B3A4003F867D /* Dice */;
			targetProxy = D239D2D22328B3A9003F867D /* PBXContainerItemProxy */;
		};
/* End PBXTargetDependency section */

/* Begin PBXVariantGroup section */
		D239D2B92328B3A4003F867D /* Main.storyboard */ = {
			isa = PBXVariantGroup;
			children = (
				D239D2BA2328B3A4003F867D /* Base */,
			);
			name = Main.storyboard;
			sourceTree = "<group>";
		};
		D239D2BE2328B3A8003F867D /* LaunchScreen.storyboard */ = {
			isa = PBXVariantGroup;
			children = (
				D239D2BF2328B3A8003F867D /* Base */,
			);
			name = LaunchScreen.storyboard;
			sourceTree = "<group>";
		};
/* End PBXVariantGroup section */

/* Begin XCBuildConfiguration section */
		D239D2D82328B3A9003F867D /* Debug */ = {
			isa = XCBuildConfiguration;
			buildSettings = {
				ALWAYS_SEARCH_USER_PATHS = NO;
				CLANG_ANALYZER_NONNULL = YES;
				CLANG_ANALYZER_NUMBER_OBJECT_CONVERSION = YES_AGGRESSIVE;
				CLANG_CXX_LANGUAGE_STANDARD = "gnu++14";
				CLANG_CXX_LIBRARY = "libc++";
				CLANG_ENABLE_MODULES = YES;
				CLANG_ENABLE_OBJC_ARC = YES;
				CLANG_ENABLE_OBJC_WEAK = YES;
				CLANG_WARN_BLOCK_CAPTURE_AUTORELEASING = YES;
				CLANG_WARN_BOOL_CONVERSION = YES;
				CLANG_WARN_COMMA = YES;
				CLANG_WARN_CONSTANT_CONVERSION = YES;
				CLANG_WARN_DEPRECATED_OBJC_IMPLEMENTATIONS = YES;
				CLANG_WARN_DIRECT_OBJC_ISA_USAGE = YES_ERROR;
				CLANG_WARN_DOCUMENTATION_COMMENTS = YES;
				CLANG_WARN_EMPTY_BODY = YES;
				CLANG_WARN_ENUM_CONVERSION = YES;
				CLANG_WARN_INFINITE_RECURSION = YES;
				CLANG_WARN_INT_CONVERSION = YES;
				CLANG_WARN_NON_LITERAL_NULL_CONVERSION = YES;
				CLANG_WARN_OBJC_IMPLICIT_RETAIN_SELF = YES;
				CLANG_WARN_OBJC_LITERAL_CONVERSION = YES;
				CLANG_WARN_OBJC_ROOT_CLASS = YES_ERROR;
				CLANG_WARN_RANGE_LOOP_ANALYSIS = YES;
				CLANG_WARN_STRICT_PROTOTYPES = YES;
				CLANG_WARN_SUSPICIOUS_MOVE = YES;
				CLANG_WARN_UNGUARDED_AVAILABILITY = YES_AGGRESSIVE;
				CLANG_WARN_UNREACHABLE_CODE = YES;
				CLANG_WARN__DUPLICATE_METHOD_MATCH = YES;
				CODE_SIGN_IDENTITY = "iPhone Developer";
				COPY_PHASE_STRIP = NO;
				DEBUG_INFORMATION_FORMAT = dwarf;
				ENABLE_STRICT_OBJC_MSGSEND = YES;
				ENABLE_TESTABILITY = YES;
				GCC_C_LANGUAGE_STANDARD = gnu11;
				GCC_DYNAMIC_NO_PIC = NO;
				GCC_NO_COMMON_BLOCKS = YES;
				GCC_OPTIMIZATION_LEVEL = 0;
				GCC_PREPROCESSOR_DEFINITIONS = (
					"DEBUG=1",
					"$(inherited)",
				);
				GCC_WARN_64_TO_32_BIT_CONVERSION = YES;
				GCC_WARN_ABOUT_RETURN_TYPE = YES_ERROR;
				GCC_WARN_UNDECLARED_SELECTOR = YES;
				GCC_WARN_UNINITIALIZED_AUTOS = YES_AGGRESSIVE;
				GCC_WARN_UNUSED_FUNCTION = YES;
				GCC_WARN_UNUSED_VARIABLE = YES;
				IPHONEOS_DEPLOYMENT_TARGET = 12.4;
				MTL_ENABLE_DEBUG_INFO = INCLUDE_SOURCE;
				MTL_FAST_MATH = YES;
				ONLY_ACTIVE_ARCH = YES;
				SDKROOT = iphoneos;
				SWIFT_ACTIVE_COMPILATION_CONDITIONS = DEBUG;
				SWIFT_OPTIMIZATION_LEVEL = "-Onone";
			};
			name = Debug;
		};
		D239D2D92328B3A9003F867D /* Release */ = {
			isa = XCBuildConfiguration;
			buildSettings = {
				ALWAYS_SEARCH_USER_PATHS = NO;
				CLANG_ANALYZER_NONNULL = YES;
				CLANG_ANALYZER_NUMBER_OBJECT_CONVERSION = YES_AGGRESSIVE;
				CLANG_CXX_LANGUAGE_STANDARD = "gnu++14";
				CLANG_CXX_LIBRARY = "libc++";
				CLANG_ENABLE_MODULES = YES;
				CLANG_ENABLE_OBJC_ARC = YES;
				CLANG_ENABLE_OBJC_WEAK = YES;
				CLANG_WARN_BLOCK_CAPTURE_AUTORELEASING = YES;
				CLANG_WARN_BOOL_CONVERSION = YES;
				CLANG_WARN_COMMA = YES;
				CLANG_WARN_CONSTANT_CONVERSION = YES;
				CLANG_WARN_DEPRECATED_OBJC_IMPLEMENTATIONS = YES;
				CLANG_WARN_DIRECT_OBJC_ISA_USAGE = YES_ERROR;
				CLANG_WARN_DOCUMENTATION_COMMENTS = YES;
				CLANG_WARN_EMPTY_BODY = YES;
				CLANG_WARN_ENUM_CONVERSION = YES;
				CLANG_WARN_INFINITE_RECURSION = YES;
				CLANG_WARN_INT_CONVERSION = YES;
				CLANG_WARN_NON_LITERAL_NULL_CONVERSION = YES;
				CLANG_WARN_OBJC_IMPLICIT_RETAIN_SELF = YES;
				CLANG_WARN_OBJC_LITERAL_CONVERSION = YES;
				CLANG_WARN_OBJC_ROOT_CLASS = YES_ERROR;
				CLANG_WARN_RANGE_LOOP_ANALYSIS = YES;
				CLANG_WARN_STRICT_PROTOTYPES = YES;
				CLANG_WARN_SUSPICIOUS_MOVE = YES;
				CLANG_WARN_UNGUARDED_AVAILABILITY = YES_AGGRESSIVE;
				CLANG_WARN_UNREACHABLE_CODE = YES;
				CLANG_WARN__DUPLICATE_METHOD_MATCH = YES;
				CODE_SIGN_IDENTITY = "iPhone Developer";
				COPY_PHASE_STRIP = NO;
				DEBUG_INFORMATION_FORMAT = "dwarf-with-dsym";
				ENABLE_NS_ASSERTIONS = NO;
				ENABLE_STRICT_OBJC_MSGSEND = YES;
				GCC_C_LANGUAGE_STANDARD = gnu11;
				GCC_NO_COMMON_BLOCKS = YES;
				GCC_WARN_64_TO_32_BIT_CONVERSION = YES;
				GCC_WARN_ABOUT_RETURN_TYPE = YES_ERROR;
				GCC_WARN_UNDECLARED_SELECTOR = YES;
				GCC_WARN_UNINITIALIZED_AUTOS = YES_AGGRESSIVE;
				GCC_WARN_UNUSED_FUNCTION = YES;
				GCC_WARN_UNUSED_VARIABLE = YES;
				IPHONEOS_DEPLOYMENT_TARGET = 12.4;
				MTL_ENABLE_DEBUG_INFO = NO;
				MTL_FAST_MATH = YES;
				SDKROOT = iphoneos;
				SWIFT_COMPILATION_MODE = wholemodule;
				SWIFT_OPTIMIZATION_LEVEL = "-O";
				VALIDATE_PRODUCT = YES;
			};
			name = Release;
		};
		D239D2DB2328B3A9003F867D /* Debug */ = {
			isa = XCBuildConfiguration;
			buildSettings = {
				ASSETCATALOG_COMPILER_APPICON_NAME = AppIcon;
				CODE_SIGN_STYLE = Automatic;
				DEVELOPMENT_TEAM = 2AQ5J9YV2D;
				INFOPLIST_FILE = Dice/Info.plist;
				LD_RUNPATH_SEARCH_PATHS = (
					"$(inherited)",
					"@executable_path/Frameworks",
				);
				PRODUCT_BUNDLE_IDENTIFIER = me.itzzmeakhi.Dice;
				PRODUCT_NAME = "$(TARGET_NAME)";
				SWIFT_VERSION = 5.0;
				TARGETED_DEVICE_FAMILY = "1,2";
			};
			name = Debug;
		};
		D239D2DC2328B3A9003F867D /* Release */ = {
			isa = XCBuildConfiguration;
			buildSettings = {
				ASSETCATALOG_COMPILER_APPICON_NAME = AppIcon;
				CODE_SIGN_STYLE = Automatic;
				DEVELOPMENT_TEAM = 2AQ5J9YV2D;
				INFOPLIST_FILE = Dice/Info.plist;
				LD_RUNPATH_SEARCH_PATHS = (
					"$(inherited)",
					"@executable_path/Frameworks",
				);
				PRODUCT_BUNDLE_IDENTIFIER = me.itzzmeakhi.Dice;
				PRODUCT_NAME = "$(TARGET_NAME)";
				SWIFT_VERSION = 5.0;
				TARGETED_DEVICE_FAMILY = "1,2";
			};
			name = Release;
		};
		D239D2DE2328B3A9003F867D /* Debug */ = {
			isa = XCBuildConfiguration;
			buildSettings = {
				ALWAYS_EMBED_SWIFT_STANDARD_LIBRARIES = YES;
				BUNDLE_LOADER = "$(TEST_HOST)";
				CODE_SIGN_STYLE = Automatic;
				DEVELOPMENT_TEAM = 2AQ5J9YV2D;
				INFOPLIST_FILE = DiceTests/Info.plist;
				LD_RUNPATH_SEARCH_PATHS = (
					"$(inherited)",
					"@executable_path/Frameworks",
					"@loader_path/Frameworks",
				);
				PRODUCT_BUNDLE_IDENTIFIER = me.itzzmeakhi.DiceTests;
				PRODUCT_NAME = "$(TARGET_NAME)";
				SWIFT_VERSION = 5.0;
				TARGETED_DEVICE_FAMILY = "1,2";
				TEST_HOST = "$(BUILT_PRODUCTS_DIR)/Dice.app/Dice";
			};
			name = Debug;
		};
		D239D2DF2328B3A9003F867D /* Release */ = {
			isa = XCBuildConfiguration;
			buildSettings = {
				ALWAYS_EMBED_SWIFT_STANDARD_LIBRARIES = YES;
				BUNDLE_LOADER = "$(TEST_HOST)";
				CODE_SIGN_STYLE = Automatic;
				DEVELOPMENT_TEAM = 2AQ5J9YV2D;
				INFOPLIST_FILE = DiceTests/Info.plist;
				LD_RUNPATH_SEARCH_PATHS = (
					"$(inherited)",
					"@executable_path/Frameworks",
					"@loader_path/Frameworks",
				);
				PRODUCT_BUNDLE_IDENTIFIER = me.itzzmeakhi.DiceTests;
				PRODUCT_NAME = "$(TARGET_NAME)";
				SWIFT_VERSION = 5.0;
				TARGETED_DEVICE_FAMILY = "1,2";
				TEST_HOST = "$(BUILT_PRODUCTS_DIR)/Dice.app/Dice";
			};
			name = Release;
		};
		D239D2E12328B3A9003F867D /* Debug */ = {
			isa = XCBuildConfiguration;
			buildSettings = {
				ALWAYS_EMBED_SWIFT_STANDARD_LIBRARIES = YES;
				CODE_SIGN_STYLE = Automatic;
				DEVELOPMENT_TEAM = 2AQ5J9YV2D;
				INFOPLIST_FILE = DiceUITests/Info.plist;
				LD_RUNPATH_SEARCH_PATHS = (
					"$(inherited)",
					"@executable_path/Frameworks",
					"@loader_path/Frameworks",
				);
				PRODUCT_BUNDLE_IDENTIFIER = me.itzzmeakhi.DiceUITests;
				PRODUCT_NAME = "$(TARGET_NAME)";
				SWIFT_VERSION = 5.0;
				TARGETED_DEVICE_FAMILY = "1,2";
				TEST_TARGET_NAME = Dice;
			};
			name = Debug;
		};
		D239D2E22328B3A9003F867D /* Release */ = {
			isa = XCBuildConfiguration;
			buildSettings = {
				ALWAYS_EMBED_SWIFT_STANDARD_LIBRARIES = YES;
				CODE_SIGN_STYLE = Automatic;
				DEVELOPMENT_TEAM = 2AQ5J9YV2D;
				INFOPLIST_FILE = DiceUITests/Info.plist;
				LD_RUNPATH_SEARCH_PATHS = (
					"$(inherited)",
					"@executable_path/Frameworks",
					"@loader_path/Frameworks",
				);
				PRODUCT_BUNDLE_IDENTIFIER = me.itzzmeakhi.DiceUITests;
				PRODUCT_NAME = "$(TARGET_NAME)";
				SWIFT_VERSION = 5.0;
				TARGETED_DEVICE_FAMILY = "1,2";
				TEST_TARGET_NAME = Dice;
			};
			name = Release;
		};
/* End XCBuildConfiguration section */

/* Begin XCConfigurationList section */
		D239D2AD2328B3A4003F867D /* Build configuration list for PBXProject "Dice" */ = {
			isa = XCConfigurationList;
			buildConfigurations = (
				D239D2D82328B3A9003F867D /* Debug */,
				D239D2D92328B3A9003F867D /* Release */,
			);
			defaultConfigurationIsVisible = 0;
			defaultConfigurationName = Release;
		};
		D239D2DA2328B3A9003F867D /* Build configuration list for PBXNativeTarget "Dice" */ = {
			isa = XCConfigurationList;
			buildConfigurations = (
				D239D2DB2328B3A9003F867D /* Debug */,
				D239D2DC2328B3A9003F867D /* Release */,
			);
			defaultConfigurationIsVisible = 0;
			defaultConfigurationName = Release;
		};
		D239D2DD2328B3A9003F867D /* Build configuration list for PBXNativeTarget "DiceTests" */ = {
			isa = XCConfigurationList;
			buildConfigurations = (
				D239D2DE2328B3A9003F867D /* Debug */,
				D239D2DF2328B3A9003F867D /* Release */,
			);
			defaultConfigurationIsVisible = 0;
			defaultConfigurationName = Release;
		};
		D239D2E02328B3A9003F867D /* Build configuration list for PBXNativeTarget "DiceUITests" */ = {
			isa = XCConfigurationList;
			buildConfigurations = (
				D239D2E12328B3A9003F867D /* Debug */,
				D239D2E22328B3A9003F867D /* Release */,
			);
			defaultConfigurationIsVisible = 0;
			defaultConfigurationName = Release;
		};
/* End XCConfigurationList section */
	};
	rootObject = D239D2AA2328B3A4003F867D /* Project object */;
}
